# This file is automatically @generated by Poetry 1.8.4 and should not be changed by hand.

[[package]]
name = "slack-bolt"
version = "1.21.2"
description = "The Bolt Framework for Python"
optional = false
python-versions = ">=3.6"
files = [
    {file = "slack_bolt-1.21.2-py2.py3-none-any.whl", hash = "sha256:6860fc8693ca543b653c5d49a09b8b542f5fb7a02638342a7ddd18d8bc6f3ba0"},
    {file = "slack_bolt-1.21.2.tar.gz", hash = "sha256:05ac2d454adfddfc629fb63c7a3723bd1432a24373119368bc81f2f52b029cbf"},
]

[package.dependencies]
slack-sdk = ">=3.33.1,<4"

[[package]]
name = "slack-sdk"
version = "3.33.4"
description = "The Slack API Platform SDK for Python"
optional = false
python-versions = ">=3.6"
files = [
    {file = "slack_sdk-3.33.4-py2.py3-none-any.whl", hash = "sha256:9f30cb3c9c07b441c49d53fc27f9f1837ad1592a7e9d4ca431f53cdad8826cc6"},
    {file = "slack_sdk-3.33.4.tar.gz", hash = "sha256:5e109847f6b6a22d227609226ba4ed936109dc00675bddeb7e0bee502d3ee7e0"},
]

[package.extras]
optional = ["SQLAlchemy (>=1.4,<3)", "aiodns (>1.0)", "aiohttp (>=3.7.3,<4)", "boto3 (<=2)", "websocket-client (>=1,<2)", "websockets (>=9.1,<14)"]

[metadata]
lock-version = "2.0"
python-versions = "^3.13"
content-hash = "e847c37ae14778545e77af01941ef8812fee335bb78f34b897428d36f26534f5"
